
Microsoft Visual Studio Solution File, Format Version 12.00
# Visual Studio Version 16
VisualStudioVersion = 16.0.29519.87
MinimumVisualStudioVersion = 10.0.40219.1
Project("{FAE04EC0-301F-11D3-BF4B-00C04F79EFBC}") = "13.02.2020F", "13.02.2020F\13.02.2020F.csproj", "{B5B3D806-214E-4C9E-BAE1-49F401725498}"
EndProject
Global
	GlobalSection(SolutionConfigurationPlatforms) = preSolution
		Debug|Any CPU = Debug|Any CPU
		Release|Any CPU = Release|Any CPU
	EndGlobalSection
	GlobalSection(ProjectConfigurationPlatforms) = postSolution
		{B5B3D806-214E-4C9E-BAE1-49F401725498}.Debug|Any CPU.ActiveCfg = Debug|Any CPU
		{B5B3D806-214E-4C9E-BAE1-49F401725498}.Debug|Any CPU.Build.0 = Debug|Any CPU
		{B5B3D806-214E-4C9E-BAE1-49F401725498}.Release|Any CPU.ActiveCfg = Release|Any CPU
		{B5B3D806-214E-4C9E-BAE1-49F401725498}.Release|Any CPU.Build.0 = Release|Any CPU
	EndGlobalSection
	GlobalSection(SolutionProperties) = preSolution
		HideSolutionNode = FALSE
	EndGlobalSection
	GlobalSection(ExtensibilityGlobals) = postSolution
		SolutionGuid = {56A08F2F-8ECD-4643-B229-E65FBAAE4C15}
	EndGlobalSection
EndGlobal
