
Microsoft Visual Studio Solution File, Format Version 12.00
# Visual Studio Version 16
VisualStudioVersion = 16.0.29519.87
MinimumVisualStudioVersion = 10.0.40219.1
Project("{FAE04EC0-301F-11D3-BF4B-00C04F79EFBC}") = "Library_with_async_await", "Library_with_async_await\Library_with_async_await.csproj", "{BD1859FB-F9F1-44CB-96C7-54D22AD3BB67}"
EndProject
Global
	GlobalSection(SolutionConfigurationPlatforms) = preSolution
		Debug|Any CPU = Debug|Any CPU
		Release|Any CPU = Release|Any CPU
	EndGlobalSection
	GlobalSection(ProjectConfigurationPlatforms) = postSolution
		{BD1859FB-F9F1-44CB-96C7-54D22AD3BB67}.Debug|Any CPU.ActiveCfg = Debug|Any CPU
		{BD1859FB-F9F1-44CB-96C7-54D22AD3BB67}.Debug|Any CPU.Build.0 = Debug|Any CPU
		{BD1859FB-F9F1-44CB-96C7-54D22AD3BB67}.Release|Any CPU.ActiveCfg = Release|Any CPU
		{BD1859FB-F9F1-44CB-96C7-54D22AD3BB67}.Release|Any CPU.Build.0 = Release|Any CPU
	EndGlobalSection
	GlobalSection(SolutionProperties) = preSolution
		HideSolutionNode = FALSE
	EndGlobalSection
	GlobalSection(ExtensibilityGlobals) = postSolution
		SolutionGuid = {524AECCD-5816-4BD8-9261-39A8EBBE1A15}
	EndGlobalSection
EndGlobal
