
Microsoft Visual Studio Solution File, Format Version 12.00
# Visual Studio Version 16
VisualStudioVersion = 16.0.29519.87
MinimumVisualStudioVersion = 10.0.40219.1
Project("{FAE04EC0-301F-11D3-BF4B-00C04F79EFBC}") = "13.02.2020", "13.02.2020\13.02.2020.csproj", "{AAFF1D6D-0042-4123-8592-43C8E089AF3F}"
EndProject
Global
	GlobalSection(SolutionConfigurationPlatforms) = preSolution
		Debug|Any CPU = Debug|Any CPU
		Release|Any CPU = Release|Any CPU
	EndGlobalSection
	GlobalSection(ProjectConfigurationPlatforms) = postSolution
		{AAFF1D6D-0042-4123-8592-43C8E089AF3F}.Debug|Any CPU.ActiveCfg = Debug|Any CPU
		{AAFF1D6D-0042-4123-8592-43C8E089AF3F}.Debug|Any CPU.Build.0 = Debug|Any CPU
		{AAFF1D6D-0042-4123-8592-43C8E089AF3F}.Release|Any CPU.ActiveCfg = Release|Any CPU
		{AAFF1D6D-0042-4123-8592-43C8E089AF3F}.Release|Any CPU.Build.0 = Release|Any CPU
	EndGlobalSection
	GlobalSection(SolutionProperties) = preSolution
		HideSolutionNode = FALSE
	EndGlobalSection
	GlobalSection(ExtensibilityGlobals) = postSolution
		SolutionGuid = {F7C78D81-18B7-41F5-9720-2AE2D4F1D8E4}
	EndGlobalSection
EndGlobal
