
Microsoft Visual Studio Solution File, Format Version 12.00
# Visual Studio Version 16
VisualStudioVersion = 16.0.29519.87
MinimumVisualStudioVersion = 10.0.40219.1
Project("{FAE04EC0-301F-11D3-BF4B-00C04F79EFBC}") = "13.02.2020", "13.02.2020\13.02.2020.csproj", "{A7EBFEA0-FBAF-4B09-B8A1-7DBDE9C84047}"
EndProject
Global
	GlobalSection(SolutionConfigurationPlatforms) = preSolution
		Debug|Any CPU = Debug|Any CPU
		Release|Any CPU = Release|Any CPU
	EndGlobalSection
	GlobalSection(ProjectConfigurationPlatforms) = postSolution
		{A7EBFEA0-FBAF-4B09-B8A1-7DBDE9C84047}.Debug|Any CPU.ActiveCfg = Debug|Any CPU
		{A7EBFEA0-FBAF-4B09-B8A1-7DBDE9C84047}.Debug|Any CPU.Build.0 = Debug|Any CPU
		{A7EBFEA0-FBAF-4B09-B8A1-7DBDE9C84047}.Release|Any CPU.ActiveCfg = Release|Any CPU
		{A7EBFEA0-FBAF-4B09-B8A1-7DBDE9C84047}.Release|Any CPU.Build.0 = Release|Any CPU
	EndGlobalSection
	GlobalSection(SolutionProperties) = preSolution
		HideSolutionNode = FALSE
	EndGlobalSection
	GlobalSection(ExtensibilityGlobals) = postSolution
		SolutionGuid = {2E5668F9-693A-4703-98E7-8AB81706F230}
	EndGlobalSection
EndGlobal
